FORGE
  remote: https://forgeapi.puppetlabs.com
  specs:
    aco-yum_autoupdate (0.6.4)
      puppetlabs-stdlib (< 5.0.0, >= 1.0.0)
    camptocamp-augeas (1.6.0)
      puppetlabs-stdlib (< 5.0.0, >= 3.2.0)
    camptocamp-systemd (1.1.1)
      puppetlabs-stdlib (< 5.0.0, >= 4.13.1)
    herculesteam-augeasproviders_core (2.1.4)
      puppetlabs-stdlib (< 5.0.0, >= 3.2.0)
    herculesteam-augeasproviders_grub (3.0.1)
      herculesteam-augeasproviders_core (>= 2.0.0)
    jhoblitt-ganglia (2.2.0)
      puppetlabs-stdlib (< 5.0.0, >= 4.6.0)
    jhoblitt-oauth2_proxy (1.3.0)
      puppet-archive (< 2.0.0, >= 1.2.0)
      puppetlabs-stdlib (< 5.0.0, >= 4.6.0)
    jhoblitt-sysstat (1.1.0)
    juniorsysadmin-irqbalance (1.0.4)
      puppetlabs-stdlib (< 5.0.0, >= 3.0.0)
    maestrodev-wget (1.7.3)
    puppet-archive (1.3.0)
      puppetlabs-stdlib (< 5.0.0, >= 4.6.0)
    puppet-nginx (0.11.0)
      puppetlabs-concat (< 5.0.0, >= 3.0.0)
      puppetlabs-stdlib (< 5.0.0, >= 4.13.1)
    puppet-php (5.3.0)
      puppet-archive (< 3.0.0, >= 1.0.0)
      puppet-zypprepo (< 3.0.0, >= 2.0.0)
      puppetlabs-apt (< 5.0.0, >= 4.4.0)
      puppetlabs-inifile (< 3.0.0, >= 1.4.1)
      puppetlabs-stdlib (< 5.0.0, >= 4.16.0)
    puppet-selinux (1.5.2)
      puppetlabs-stdlib (< 5.0.0, >= 4.13.1)
    puppet-zypprepo (2.2.1)
    puppetlabs-apt (4.5.1)
      puppetlabs-stdlib (< 5.0.0, >= 4.16.0)
    puppetlabs-concat (4.2.1)
      puppetlabs-stdlib (< 5.0.0, >= 4.13.1)
    puppetlabs-docker (1.1.0)
      puppetlabs-apt (>= 4.4.1)
      puppetlabs-stdlib (>= 4.24.0)
      puppetlabs-translate (< 1.1.0, >= 0.0.1)
    puppetlabs-firewall (1.12.0)
      puppetlabs-stdlib (< 5.0.0, >= 4.0.0)
    puppetlabs-inifile (2.2.2)
    puppetlabs-java (2.4.0)
      puppet-archive (< 3.0.0, >= 1.1.0)
      puppetlabs-stdlib (< 5.0.0, >= 4.13.1)
    puppetlabs-ntp (7.1.1)
      puppetlabs-stdlib (< 5.0.0, >= 4.13.1)
    puppetlabs-reboot (1.2.1)
    puppetlabs-stdlib (4.25.1)
    puppetlabs-transition (0.1.1)
    puppetlabs-translate (1.0.0)
    saz-sudo (5.0.0)
      puppetlabs-stdlib (< 5.0.0, >= 2.6.0)
    saz-timezone (4.1.1)
      puppetlabs-stdlib (< 5.0.0, >= 2.6.0)
      stm-debconf (< 3.0.0, >= 2.0.0)
    stahnma-epel (1.3.0)
      puppetlabs-stdlib (>= 3.0.0)
    stm-debconf (2.2.0)
    thias-tuned (1.0.3)

GIT
  remote: https://github.com/lsst-sqre/puppet-jenkins.git
  ref: f3be19bf5ec5bb92419be68273d248f3b0d2d456
  sha: f3be19bf5ec5bb92419be68273d248f3b0d2d456
  specs:
    voxpupuli-jenkins (1.7.0)
      camptocamp-systemd (< 2.0.0, >= 0.3.0)
      puppet-archive (< 3.0.0, >= 1.3.0)
      puppet-zypprepo (< 3.0.0, >= 2.0.0)
      puppetlabs-apt (< 5.0.0, >= 2.1.0)
      puppetlabs-java (< 3.0.0, >= 1.0.1)
      puppetlabs-stdlib (< 5.0.0, >= 4.18.0)
      puppetlabs-transition (< 1.0.0, >= 0.1.0)

PATH
  remote: ./jenkins_demo
  specs:
    lsst-jenkins_demo (0.0.1)

DEPENDENCIES
  aco-yum_autoupdate (~> 0.6.4)
  camptocamp-augeas (>= 0)
  camptocamp-systemd (>= 0)
  herculesteam-augeasproviders_grub (>= 0)
  jhoblitt-ganglia (~> 2.0)
  jhoblitt-oauth2_proxy (~> 1.3.0)
  jhoblitt-sysstat (>= 0)
  juniorsysadmin-irqbalance (~> 1.0.4)
  lsst-jenkins_demo (>= 0)
  maestrodev-wget (~> 1.7.0)
  puppet-archive (> 1)
  puppet-nginx (~> 0.11.0)
  puppet-php (~> 5.3.0)
  puppet-selinux (~> 1.5.2)
  puppetlabs-concat (>= 0)
  puppetlabs-docker (~> 1.1.0)
  puppetlabs-firewall (~> 1.12.0)
  puppetlabs-ntp (~> 7.1.1)
  puppetlabs-reboot (~> 1.2.1)
  puppetlabs-stdlib (>= 0)
  saz-sudo (~> 5.0.0)
  saz-timezone (~> 4.1.1)
  stahnma-epel (>= 0)
  thias-tuned (~> 1.0.2)
  voxpupuli-jenkins (>= 0)

